# THIS IS AN AUTOGENERATED FILE. DO NOT EDIT THIS FILE DIRECTLY.
# yarn lockfile v1


kelp-body@^1.4.2:
  version "1.4.2"
  resolved "https://registry.yarnpkg.com/kelp-body/-/kelp-body-1.4.2.tgz#4c7ed9b748b5b31e8bdb1f2e169957d104fa77eb"
  dependencies:
    mime2 latest

kelp-send@^1.0.4:
  version "1.0.4"
  resolved "https://registry.yarnpkg.com/kelp-send/-/kelp-send-1.0.4.tgz#ae29ec052d7a4354f2063f1bbbfc63a9272ce99f"

kelp@^2.0.1:
  version "2.0.1"
  resolved "https://registry.yarnpkg.com/kelp/-/kelp-2.0.1.tgz#e3ef6ce272cd0491b295313994307056646834de"

mime2@latest:
  version "0.0.5"
  resolved "https://registry.yarnpkg.com/mime2/-/mime2-0.0.5.tgz#0ea0f2b6bfe1c7b21165c43c0137e0ff0e9a5a1d"
